
Microsoft Visual Studio Solution File, Format Version 12.00
# Visual Studio Version 17
VisualStudioVersion = 17.9.34728.123
MinimumVisualStudioVersion = 10.0.40219.1
Project("{FAE04EC0-301F-11D3-BF4B-00C04F79EFBC}") = "ConsoleApp4", "ConsoleApp4\ConsoleApp4.csproj", "{2BC0B9A1-CE94-449C-AA33-75A791C35D50}"
EndProject
Global
	GlobalSection(SolutionConfigurationPlatforms) = preSolution
		Debug|Any CPU = Debug|Any CPU
		Release|Any CPU = Release|Any CPU
	EndGlobalSection
	GlobalSection(ProjectConfigurationPlatforms) = postSolution
		{2BC0B9A1-CE94-449C-AA33-75A791C35D50}.Debug|Any CPU.ActiveCfg = Debug|Any CPU
		{2BC0B9A1-CE94-449C-AA33-75A791C35D50}.Debug|Any CPU.Build.0 = Debug|Any CPU
		{2BC0B9A1-CE94-449C-AA33-75A791C35D50}.Release|Any CPU.ActiveCfg = Release|Any CPU
		{2BC0B9A1-CE94-449C-AA33-75A791C35D50}.Release|Any CPU.Build.0 = Release|Any CPU
	EndGlobalSection
	GlobalSection(SolutionProperties) = preSolution
		HideSolutionNode = FALSE
	EndGlobalSection
	GlobalSection(ExtensibilityGlobals) = postSolution
		SolutionGuid = {DC7A4930-828D-4E26-81FA-E87A272E3AFD}
	EndGlobalSection
EndGlobal
